
Microsoft Visual Studio Solution File, Format Version 12.00
# Visual Studio Version 16
VisualStudioVersion = 16.0.30128.74
MinimumVisualStudioVersion = 10.0.40219.1
Project("{FAE04EC0-301F-11D3-BF4B-00C04F79EFBC}") = "SaveThePrincess", "SaveThePrincess.csproj", "{D9567C33-CE3F-4FDF-B3AA-014E9BFECD48}"
EndProject
Global
	GlobalSection(SolutionConfigurationPlatforms) = preSolution
		Debug|Any CPU = Debug|Any CPU
		Release|Any CPU = Release|Any CPU
	EndGlobalSection
	GlobalSection(ProjectConfigurationPlatforms) = postSolution
		{D9567C33-CE3F-4FDF-B3AA-014E9BFECD48}.Debug|Any CPU.ActiveCfg = Debug|Any CPU
		{D9567C33-CE3F-4FDF-B3AA-014E9BFECD48}.Debug|Any CPU.Build.0 = Debug|Any CPU
		{D9567C33-CE3F-4FDF-B3AA-014E9BFECD48}.Release|Any CPU.ActiveCfg = Release|Any CPU
		{D9567C33-CE3F-4FDF-B3AA-014E9BFECD48}.Release|Any CPU.Build.0 = Release|Any CPU
	EndGlobalSection
	GlobalSection(SolutionProperties) = preSolution
		HideSolutionNode = FALSE
	EndGlobalSection
	GlobalSection(ExtensibilityGlobals) = postSolution
		SolutionGuid = {352CC9C3-481A-40E8-9386-8F25CB1E4994}
	EndGlobalSection
EndGlobal
